
Microsoft Visual Studio Solution File, Format Version 12.00
# Visual Studio Version 17
VisualStudioVersion = 17.5.33424.131
MinimumVisualStudioVersion = 10.0.40219.1
Project("{FAE04EC0-301F-11D3-BF4B-00C04F79EFBC}") = "personelmvc", "personelmvc\personelmvc.csproj", "{ABBA2268-F961-4EA5-9EE4-7FCC06FE8041}"
EndProject
Global
	GlobalSection(SolutionConfigurationPlatforms) = preSolution
		Debug|Any CPU = Debug|Any CPU
		Release|Any CPU = Release|Any CPU
	EndGlobalSection
	GlobalSection(ProjectConfigurationPlatforms) = postSolution
		{ABBA2268-F961-4EA5-9EE4-7FCC06FE8041}.Debug|Any CPU.ActiveCfg = Debug|Any CPU
		{ABBA2268-F961-4EA5-9EE4-7FCC06FE8041}.Debug|Any CPU.Build.0 = Debug|Any CPU
		{ABBA2268-F961-4EA5-9EE4-7FCC06FE8041}.Release|Any CPU.ActiveCfg = Release|Any CPU
		{ABBA2268-F961-4EA5-9EE4-7FCC06FE8041}.Release|Any CPU.Build.0 = Release|Any CPU
	EndGlobalSection
	GlobalSection(SolutionProperties) = preSolution
		HideSolutionNode = FALSE
	EndGlobalSection
	GlobalSection(ExtensibilityGlobals) = postSolution
		SolutionGuid = {ED603125-25AB-4D1C-88EA-4B74B0E76EC6}
	EndGlobalSection
EndGlobal
